{
  "name": "CBMS",
  "version": "1.0.0",
  "lockfileVersion": 1,
  "requires": true,
  "dependencies": {
    "any-promise": {
      "version": "1.3.0",
      "resolved": "https://registry.npmjs.org/any-promise/-/any-promise-1.3.0.tgz",
      "integrity": "sha1-q8av7tzqUugJzcA3au0845Y10X8="
    },
    "core-util-is": {
      "version": "1.0.2",
      "resolved": "https://registry.npmjs.org/core-util-is/-/core-util-is-1.0.2.tgz",
      "integrity": "sha1-tf1UIgqivFq1eqtxQMlAdUUDwac="
    },
    "deep-equal": {
      "version": "0.2.1",
      "resolved": "https://registry.npmjs.org/deep-equal/-/deep-equal-0.2.1.tgz",
      "integrity": "sha1-+tenkyJMvww8d4b5LveA5PyMyHg=",
      "dev": true
    },
    "filereader-stream": {
      "version": "0.2.0",
      "resolved": "https://registry.npmjs.org/filereader-stream/-/filereader-stream-0.2.0.tgz",
      "integrity": "sha1-FjdKICcVtkC2Zuz/0HCJk46f8R8=",
      "dev": true,
      "requires": {
        "inherits": "1.0.0"
      }
    },
    "inherits": {
      "version": "1.0.0",
      "resolved": "https://registry.npmjs.org/inherits/-/inherits-1.0.0.tgz",
      "integrity": "sha1-OOGXUoW/H3upyE2hArsSdxMirEg=",
      "dev": true
    },
    "is-class-hotfix": {
      "version": "0.0.6",
      "resolved": "https://registry.npmjs.org/is-class-hotfix/-/is-class-hotfix-0.0.6.tgz",
      "integrity": "sha512-0n+pzCC6ICtVr/WXnN2f03TK/3BfXY7me4cjCAqT8TYXEl0+JBRoqBo94JJHXcyDSLUeWbNX8Fvy5g5RJdAstQ=="
    },
    "is-stream": {
      "version": "1.1.0",
      "resolved": "https://registry.npmjs.org/is-stream/-/is-stream-1.1.0.tgz",
      "integrity": "sha1-EtSj3U5o4Lec6428hBc66A2RykQ=",
      "dev": true
    },
    "is-type-of": {
      "version": "1.2.1",
      "resolved": "https://registry.npmjs.org/is-type-of/-/is-type-of-1.2.1.tgz",
      "integrity": "sha512-uK0kyX9LZYhSDS7H2sVJQJop1UnWPWmo5RvR3q2kFH6AUHYs7sOrVg0b4nyBHw29kRRNFofYN/JbHZDlHiItTA==",
      "requires": {
        "core-util-is": "^1.0.2",
        "is-class-hotfix": "~0.0.6",
        "isstream": "~0.1.2"
      }
    },
    "isstream": {
      "version": "0.1.2",
      "resolved": "https://registry.npmjs.org/isstream/-/isstream-0.1.2.tgz",
      "integrity": "sha1-R+Y/evVa+m+S4VAOaQ64uFKcCZo="
    },
    "jsmediatags": {
      "version": "3.9.3",
      "resolved": "https://registry.npmjs.org/jsmediatags/-/jsmediatags-3.9.3.tgz",
      "integrity": "sha512-h53yFnPYF1Y5jwr2ebcVzIIsvRpSalm0jhNiJDUztoPPHGpuHxi9YHUzdDgiw+ykiinXHd1s6HSIbudHw79zQw==",
      "requires": {
        "xhr2": "^0.1.4"
      }
    },
    "ko-sleep": {
      "version": "1.0.3",
      "resolved": "https://registry.npmjs.org/ko-sleep/-/ko-sleep-1.0.3.tgz",
      "integrity": "sha1-KKKgoUhei39BX/SI3uF9JHiKsII=",
      "requires": {
        "ms": "^2.0.0"
      }
    },
    "mm": {
      "version": "3.2.0",
      "resolved": "https://registry.npmjs.org/mm/-/mm-3.2.0.tgz",
      "integrity": "sha512-/VCj1KbfQHqY5YfAQZY0YVoU8QyTvFDdRnGfAQ1SzILtwgns2fl+SXiIMH+/7GW/5DEr69ffmGVP2pouUIKlaA==",
      "requires": {
        "is-type-of": "^1.2.1",
        "ko-sleep": "^1.0.3",
        "muk-prop": "^1.2.1",
        "thenify": "^3.3.0"
      }
    },
    "ms": {
      "version": "2.1.3",
      "resolved": "https://registry.npmjs.org/ms/-/ms-2.1.3.tgz",
      "integrity": "sha512-6FlzubTLZG3J2a/NVCAleEhjzq5oxgHyaCU9yYXvcLsvoVaHJq/s5xXI6/XXP6tz7R9xAOtHnSO/tXtF3WRTlA=="
    },
    "muk-prop": {
      "version": "1.2.1",
      "resolved": "https://registry.npmjs.org/muk-prop/-/muk-prop-1.2.1.tgz",
      "integrity": "sha512-NdkOVav3GoIkBZqMUneU435HW0a90zitpuO1erPRhOQdPtl65dXD3G9/1k46G6/0ZMau4CJFFUHkMKVsyNZT+w=="
    },
    "musicmetadata": {
      "version": "2.0.5",
      "resolved": "https://registry.npmjs.org/musicmetadata/-/musicmetadata-2.0.5.tgz",
      "integrity": "sha1-eukQ2Z+67gXyvVQ67xC2++Hze9Q=",
      "dev": true,
      "requires": {
        "deep-equal": "0.2.1",
        "filereader-stream": "^0.2.0",
        "is-stream": "^1.1.0",
        "strtok2": "~1.0.0",
        "through": "~2.3.4"
      }
    },
    "strtok2": {
      "version": "1.0.4",
      "resolved": "https://registry.npmjs.org/strtok2/-/strtok2-1.0.4.tgz",
      "integrity": "sha1-35/7LnCjM2tGYOJn7wVH5hAnX8E=",
      "dev": true
    },
    "thenify": {
      "version": "3.3.1",
      "resolved": "https://registry.npmjs.org/thenify/-/thenify-3.3.1.tgz",
      "integrity": "sha512-RVZSIV5IG10Hk3enotrhvz0T9em6cyHBLkH/YAZuKqd8hRkKhSfCGIcP2KUY0EPxndzANBmNllzWPwak+bheSw==",
      "requires": {
        "any-promise": "^1.0.0"
      }
    },
    "through": {
      "version": "2.3.8",
      "resolved": "https://registry.npmjs.org/through/-/through-2.3.8.tgz",
      "integrity": "sha1-DdTJ/6q8NXlgsbckEV1+Doai4fU=",
      "dev": true
    },
    "xhr2": {
      "version": "0.1.4",
      "resolved": "https://registry.npmjs.org/xhr2/-/xhr2-0.1.4.tgz",
      "integrity": "sha1-f4dliEdxbbUCYyOBL4GMras4el8="
    }
  }
}
